
Microsoft Visual Studio Solution File, Format Version 12.00
# Visual Studio Version 17
VisualStudioVersion = 17.1.32421.90
MinimumVisualStudioVersion = 10.0.40219.1
Project("{FAE04EC0-301F-11D3-BF4B-00C04F79EFBC}") = "_Practical_2.7_ConsoleApp1", "_Practical_2.7_ConsoleApp1\_Practical_2.7_ConsoleApp1.csproj", "{FF57D4BA-BEBD-4669-A727-1A8C0E293A88}"
EndProject
Global
	GlobalSection(SolutionConfigurationPlatforms) = preSolution
		Debug|Any CPU = Debug|Any CPU
		Release|Any CPU = Release|Any CPU
	EndGlobalSection
	GlobalSection(ProjectConfigurationPlatforms) = postSolution
		{FF57D4BA-BEBD-4669-A727-1A8C0E293A88}.Debug|Any CPU.ActiveCfg = Debug|Any CPU
		{FF57D4BA-BEBD-4669-A727-1A8C0E293A88}.Debug|Any CPU.Build.0 = Debug|Any CPU
		{FF57D4BA-BEBD-4669-A727-1A8C0E293A88}.Release|Any CPU.ActiveCfg = Release|Any CPU
		{FF57D4BA-BEBD-4669-A727-1A8C0E293A88}.Release|Any CPU.Build.0 = Release|Any CPU
	EndGlobalSection
	GlobalSection(SolutionProperties) = preSolution
		HideSolutionNode = FALSE
	EndGlobalSection
	GlobalSection(ExtensibilityGlobals) = postSolution
		SolutionGuid = {87E57528-D5E8-400F-A473-03DE4026E1D1}
	EndGlobalSection
EndGlobal
